{
  "name": "mastery-app",
  "lockfileVersion": 2,
  "requires": true,
  "packages": {
    "": {
      "dependencies": {
        "driftless": "^2.0.3"
      }
    },
    "node_modules/driftless": {
      "version": "2.0.3",
      "resolved": "https://registry.npmjs.org/driftless/-/driftless-2.0.3.tgz",
      "integrity": "sha512-hSDKsQphnL4O0XLAiyWQ8EiM9suXH0Qd4gMtwF86b5wygGV8r95w0JcA38FOmx9N3LjFCIHLG2winLPNken4Tg==",
      "dependencies": {
        "present": "^0.0.3"
      }
    },
    "node_modules/present": {
      "version": "0.0.3",
      "resolved": "https://registry.npmjs.org/present/-/present-0.0.3.tgz",
      "integrity": "sha1-Wu+4pd32s0xldDvxzeU1I6rBwFo="
    }
  },
  "dependencies": {
    "driftless": {
      "version": "2.0.3",
      "resolved": "https://registry.npmjs.org/driftless/-/driftless-2.0.3.tgz",
      "integrity": "sha512-hSDKsQphnL4O0XLAiyWQ8EiM9suXH0Qd4gMtwF86b5wygGV8r95w0JcA38FOmx9N3LjFCIHLG2winLPNken4Tg==",
      "requires": {
        "present": "^0.0.3"
      }
    },
    "present": {
      "version": "0.0.3",
      "resolved": "https://registry.npmjs.org/present/-/present-0.0.3.tgz",
      "integrity": "sha1-Wu+4pd32s0xldDvxzeU1I6rBwFo="
    }
  }
}
